
Microsoft Visual Studio Solution File, Format Version 12.00
# Visual Studio Version 17
VisualStudioVersion = 17.5.33424.131
MinimumVisualStudioVersion = 10.0.40219.1
Project("{FAE04EC0-301F-11D3-BF4B-00C04F79EFBC}") = "LearningRessourcesAPI", "LearningRessourcesAPI\LearningRessourcesAPI.csproj", "{C92D9CF9-79B3-43A8-A8FE-2A9B9E18A427}"
EndProject
Global
	GlobalSection(SolutionConfigurationPlatforms) = preSolution
		Debug|Any CPU = Debug|Any CPU
		Release|Any CPU = Release|Any CPU
	EndGlobalSection
	GlobalSection(ProjectConfigurationPlatforms) = postSolution
		{C92D9CF9-79B3-43A8-A8FE-2A9B9E18A427}.Debug|Any CPU.ActiveCfg = Debug|Any CPU
		{C92D9CF9-79B3-43A8-A8FE-2A9B9E18A427}.Debug|Any CPU.Build.0 = Debug|Any CPU
		{C92D9CF9-79B3-43A8-A8FE-2A9B9E18A427}.Release|Any CPU.ActiveCfg = Release|Any CPU
		{C92D9CF9-79B3-43A8-A8FE-2A9B9E18A427}.Release|Any CPU.Build.0 = Release|Any CPU
	EndGlobalSection
	GlobalSection(SolutionProperties) = preSolution
		HideSolutionNode = FALSE
	EndGlobalSection
	GlobalSection(ExtensibilityGlobals) = postSolution
		SolutionGuid = {FBF81DB4-C2DB-4E80-A59B-5C393943E89B}
	EndGlobalSection
EndGlobal
